
Microsoft Visual Studio Solution File, Format Version 12.00
# Visual Studio Version 17
VisualStudioVersion = 17.11.35312.102
MinimumVisualStudioVersion = 10.0.40219.1
Project("{888888A0-9F3D-457C-B088-3A5042F75D52}") = "helloworld.py", "helloworld.py\helloworld.py.pyproj", "{5FA72321-7319-499C-B9EA-06F8A638A7AA}"
EndProject
Global
	GlobalSection(SolutionConfigurationPlatforms) = preSolution
		Debug|Any CPU = Debug|Any CPU
		Release|Any CPU = Release|Any CPU
	EndGlobalSection
	GlobalSection(ProjectConfigurationPlatforms) = postSolution
		{5FA72321-7319-499C-B9EA-06F8A638A7AA}.Debug|Any CPU.ActiveCfg = Debug|Any CPU
		{5FA72321-7319-499C-B9EA-06F8A638A7AA}.Release|Any CPU.ActiveCfg = Release|Any CPU
	EndGlobalSection
	GlobalSection(SolutionProperties) = preSolution
		HideSolutionNode = FALSE
	EndGlobalSection
	GlobalSection(ExtensibilityGlobals) = postSolution
		SolutionGuid = {831F61DB-5F17-4DFF-9C9C-3ACBB78ECC29}
	EndGlobalSection
EndGlobal
