
Microsoft Visual Studio Solution File, Format Version 12.00
# Visual Studio Version 17
VisualStudioVersion = 17.11.35312.102
MinimumVisualStudioVersion = 10.0.40219.1
Project("{888888A0-9F3D-457C-B088-3A5042F75D52}") = "to-do.py", "to-do.py\to-do.py.pyproj", "{0A30A61C-FF2A-487F-AE57-D0B517F282AA}"
EndProject
Global
	GlobalSection(SolutionConfigurationPlatforms) = preSolution
		Debug|Any CPU = Debug|Any CPU
		Release|Any CPU = Release|Any CPU
	EndGlobalSection
	GlobalSection(ProjectConfigurationPlatforms) = postSolution
		{0A30A61C-FF2A-487F-AE57-D0B517F282AA}.Debug|Any CPU.ActiveCfg = Debug|Any CPU
		{0A30A61C-FF2A-487F-AE57-D0B517F282AA}.Release|Any CPU.ActiveCfg = Release|Any CPU
	EndGlobalSection
	GlobalSection(SolutionProperties) = preSolution
		HideSolutionNode = FALSE
	EndGlobalSection
	GlobalSection(ExtensibilityGlobals) = postSolution
		SolutionGuid = {887FB3AD-EB4C-4B89-B387-2E36BCB56CBE}
	EndGlobalSection
EndGlobal
