
Microsoft Visual Studio Solution File, Format Version 12.00
# Visual Studio Version 17
VisualStudioVersion = 17.11.35312.102
MinimumVisualStudioVersion = 10.0.40219.1
Project("{888888A0-9F3D-457C-B088-3A5042F75D52}") = "temperatuur_converter.py", "temperatuur_converter.py\temperatuur_converter.py.pyproj", "{AFCFF6A9-0E76-47BB-AB84-754722C26447}"
EndProject
Global
	GlobalSection(SolutionConfigurationPlatforms) = preSolution
		Debug|Any CPU = Debug|Any CPU
		Release|Any CPU = Release|Any CPU
	EndGlobalSection
	GlobalSection(ProjectConfigurationPlatforms) = postSolution
		{AFCFF6A9-0E76-47BB-AB84-754722C26447}.Debug|Any CPU.ActiveCfg = Debug|Any CPU
		{AFCFF6A9-0E76-47BB-AB84-754722C26447}.Release|Any CPU.ActiveCfg = Release|Any CPU
	EndGlobalSection
	GlobalSection(SolutionProperties) = preSolution
		HideSolutionNode = FALSE
	EndGlobalSection
	GlobalSection(ExtensibilityGlobals) = postSolution
		SolutionGuid = {699CBB60-E3C2-4705-A569-8E86FAFDD2A3}
	EndGlobalSection
EndGlobal
